
Microsoft Visual Studio Solution File, Format Version 12.00
# Visual Studio Version 17
VisualStudioVersion = 17.14.36511.14 d17.14
MinimumVisualStudioVersion = 10.0.40219.1
Project("{FAE04EC0-301F-11D3-BF4B-00C04F79EFBC}") = "ProjektPracNaukowych", "ProjektPracNaukowych\ProjektPracNaukowych.csproj", "{744FB8DD-A274-4C00-8F9D-5AB62A4D1895}"
EndProject
Global
	GlobalSection(SolutionConfigurationPlatforms) = preSolution
		Debug|Any CPU = Debug|Any CPU
		Release|Any CPU = Release|Any CPU
	EndGlobalSection
	GlobalSection(ProjectConfigurationPlatforms) = postSolution
		{744FB8DD-A274-4C00-8F9D-5AB62A4D1895}.Debug|Any CPU.ActiveCfg = Debug|Any CPU
		{744FB8DD-A274-4C00-8F9D-5AB62A4D1895}.Debug|Any CPU.Build.0 = Debug|Any CPU
		{744FB8DD-A274-4C00-8F9D-5AB62A4D1895}.Release|Any CPU.ActiveCfg = Release|Any CPU
		{744FB8DD-A274-4C00-8F9D-5AB62A4D1895}.Release|Any CPU.Build.0 = Release|Any CPU
	EndGlobalSection
	GlobalSection(SolutionProperties) = preSolution
		HideSolutionNode = FALSE
	EndGlobalSection
	GlobalSection(ExtensibilityGlobals) = postSolution
		SolutionGuid = {F5185C2C-54E3-43CB-AA00-0D6D8B2F313A}
	EndGlobalSection
EndGlobal
